
Microsoft Visual Studio Solution File, Format Version 12.00
# Visual Studio Version 16
VisualStudioVersion = 16.0.30804.86
MinimumVisualStudioVersion = 10.0.40219.1
Project("{FAE04EC0-301F-11D3-BF4B-00C04F79EFBC}") = "Dataverse.CustomApis", "Dataverse.CustomApis\Dataverse.CustomApis.csproj", "{22AB1497-EFDD-4650-A8AA-6884317C20E8}"
EndProject
Project("{FAE04EC0-301F-11D3-BF4B-00C04F79EFBC}") = "Dataverse.Plugins", "Dataverse.Plugins\Dataverse.Plugins.csproj", "{168F9527-2CD9-47A2-9CBA-8E0A23CD9B05}"
EndProject
Global
	GlobalSection(SolutionConfigurationPlatforms) = preSolution
		Debug|Any CPU = Debug|Any CPU
		Release|Any CPU = Release|Any CPU
	EndGlobalSection
	GlobalSection(ProjectConfigurationPlatforms) = postSolution
		{22AB1497-EFDD-4650-A8AA-6884317C20E8}.Debug|Any CPU.ActiveCfg = Debug|Any CPU
		{22AB1497-EFDD-4650-A8AA-6884317C20E8}.Debug|Any CPU.Build.0 = Debug|Any CPU
		{22AB1497-EFDD-4650-A8AA-6884317C20E8}.Release|Any CPU.ActiveCfg = Release|Any CPU
		{22AB1497-EFDD-4650-A8AA-6884317C20E8}.Release|Any CPU.Build.0 = Release|Any CPU
		{168F9527-2CD9-47A2-9CBA-8E0A23CD9B05}.Debug|Any CPU.ActiveCfg = Debug|Any CPU
		{168F9527-2CD9-47A2-9CBA-8E0A23CD9B05}.Debug|Any CPU.Build.0 = Debug|Any CPU
		{168F9527-2CD9-47A2-9CBA-8E0A23CD9B05}.Release|Any CPU.ActiveCfg = Release|Any CPU
		{168F9527-2CD9-47A2-9CBA-8E0A23CD9B05}.Release|Any CPU.Build.0 = Release|Any CPU
	EndGlobalSection
	GlobalSection(SolutionProperties) = preSolution
		HideSolutionNode = FALSE
	EndGlobalSection
	GlobalSection(ExtensibilityGlobals) = postSolution
		SolutionGuid = {A45B54AA-2005-4AB6-B4A6-A4E4505CC89E}
	EndGlobalSection
EndGlobal
